// !$*UTF8*$!
{
	archiveVersion = 1;
	classes = {
	};
	objectVersion = 50;
	objects = {

/* Begin PBXBuildFile section */
		5DC0EC152427CA7D0018B533 /* Simon WatchKit App.app in Embed Watch Content */ = {isa = PBXBuildFile; fileRef = 5DC0EC142427CA7D0018B533 /* Simon WatchKit App.app */; settings = {ATTRIBUTES = (RemoveHeadersOnCopy, ); }; };
		5DC0EC1B2427CA7D0018B533 /* Interface.storyboard in Resources */ = {isa = PBXBuildFile; fileRef = 5DC0EC192427CA7D0018B533 /* Interface.storyboard */; };
		5DC0EC1D2427CA800018B533 /* Assets.xcassets in Resources */ = {isa = PBXBuildFile; fileRef = 5DC0EC1C2427CA800018B533 /* Assets.xcassets */; };
		5DC0EC242427CA800018B533 /* Simon WatchKit Extension.appex in Embed App Extensions */ = {isa = PBXBuildFile; fileRef = 5DC0EC232427CA800018B533 /* Simon WatchKit Extension.appex */; settings = {ATTRIBUTES = (RemoveHeadersOnCopy, ); }; };
		5DC0EC292427CA800018B533 /* ContentView.swift in Sources */ = {isa = PBXBuildFile; fileRef = 5DC0EC282427CA800018B533 /* ContentView.swift */; };
		5DC0EC2B2427CA800018B533 /* HostingController.swift in Sources */ = {isa = PBXBuildFile; fileRef = 5DC0EC2A2427CA800018B533 /* HostingController.swift */; };
		5DC0EC2D2427CA800018B533 /* ExtensionDelegate.swift in Sources */ = {isa = PBXBuildFile; fileRef = 5DC0EC2C2427CA800018B533 /* ExtensionDelegate.swift */; };
		5DC0EC2F2427CA810018B533 /* Assets.xcassets in Resources */ = {isa = PBXBuildFile; fileRef = 5DC0EC2E2427CA810018B533 /* Assets.xcassets */; };
		5DC0EC322427CA810018B533 /* Preview Assets.xcassets in Resources */ = {isa = PBXBuildFile; fileRef = 5DC0EC312427CA810018B533 /* Preview Assets.xcassets */; };
		5DC0EC42242909080018B533 /* PlaySound.swift in Sources */ = {isa = PBXBuildFile; fileRef = 5DC0EC41242909080018B533 /* PlaySound.swift */; };
		5DC0EC4424290A250018B533 /* Glass.aiff in Resources */ = {isa = PBXBuildFile; fileRef = 5DC0EC4324290A240018B533 /* Glass.aiff */; };
		5DC0EC4624290E1E0018B533 /* Basso.aiff in Resources */ = {isa = PBXBuildFile; fileRef = 5DC0EC4524290E1E0018B533 /* Basso.aiff */; };
		5DC0EC4A24290ECF0018B533 /* Submarine.aiff in Resources */ = {isa = PBXBuildFile; fileRef = 5DC0EC4724290ECF0018B533 /* Submarine.aiff */; };
		5DC0EC4B24290ECF0018B533 /* Tink.aiff in Resources */ = {isa = PBXBuildFile; fileRef = 5DC0EC4824290ECF0018B533 /* Tink.aiff */; };
		5DC0EC4C24290ECF0018B533 /* Ping.aiff in Resources */ = {isa = PBXBuildFile; fileRef = 5DC0EC4924290ECF0018B533 /* Ping.aiff */; };
/* End PBXBuildFile section */

/* Begin PBXContainerItemProxy section */
		5DC0EC162427CA7D0018B533 /* PBXContainerItemProxy */ = {
			isa = PBXContainerItemProxy;
			containerPortal = 5DC0EC0A2427CA7D0018B533 /* Project object */;
			proxyType = 1;
			remoteGlobalIDString = 5DC0EC132427CA7D0018B533;
			remoteInfo = "Simon WatchKit App";
		};
		5DC0EC252427CA800018B533 /* PBXContainerItemProxy */ = {
			isa = PBXContainerItemProxy;
			containerPortal = 5DC0EC0A2427CA7D0018B533 /* Project object */;
			proxyType = 1;
			remoteGlobalIDString = 5DC0EC222427CA800018B533;
			remoteInfo = "Simon WatchKit Extension";
		};
/* End PBXContainerItemProxy section */

/* Begin PBXCopyFilesBuildPhase section */
		5DC0EC392427CA810018B533 /* Embed App Extensions */ = {
			isa = PBXCopyFilesBuildPhase;
			buildActionMask = 2147483647;
			dstPath = "";
			dstSubfolderSpec = 13;
			files = (
				5DC0EC242427CA800018B533 /* Simon WatchKit Extension.appex in Embed App Extensions */,
			);
			name = "Embed App Extensions";
			runOnlyForDeploymentPostprocessing = 0;
		};
		5DC0EC3D2427CA810018B533 /* Embed Watch Content */ = {
			isa = PBXCopyFilesBuildPhase;
			buildActionMask = 2147483647;
			dstPath = "$(CONTENTS_FOLDER_PATH)/Watch";
			dstSubfolderSpec = 16;
			files = (
				5DC0EC152427CA7D0018B533 /* Simon WatchKit App.app in Embed Watch Content */,
			);
			name = "Embed Watch Content";
			runOnlyForDeploymentPostprocessing = 0;
		};
/* End PBXCopyFilesBuildPhase section */

/* Begin PBXFileReference section */
		5DC0EC102427CA7D0018B533 /* Simon.app */ = {isa = PBXFileReference; explicitFileType = wrapper.application; includeInIndex = 0; path = Simon.app; sourceTree = BUILT_PRODUCTS_DIR; };
		5DC0EC142427CA7D0018B533 /* Simon WatchKit App.app */ = {isa = PBXFileReference; explicitFileType = wrapper.application; includeInIndex = 0; path = "Simon WatchKit App.app"; sourceTree = BUILT_PRODUCTS_DIR; };
		5DC0EC1A2427CA7D0018B533 /* Base */ = {isa = PBXFileReference; lastKnownFileType = file.storyboard; name = Base; path = Base.lproj/Interface.storyboard; sourceTree = "<group>"; };
		5DC0EC1C2427CA800018B533 /* Assets.xcassets */ = {isa = PBXFileReference; lastKnownFileType = folder.assetcatalog; path = Assets.xcassets; sourceTree = "<group>"; };
		5DC0EC1E2427CA800018B533 /* Info.plist */ = {isa = PBXFileReference; lastKnownFileType = text.plist.xml; path = Info.plist; sourceTree = "<group>"; };
		5DC0EC232427CA800018B533 /* Simon WatchKit Extension.appex */ = {isa = PBXFileReference; explicitFileType = "wrapper.app-extension"; includeInIndex = 0; path = "Simon WatchKit Extension.appex"; sourceTree = BUILT_PRODUCTS_DIR; };
		5DC0EC282427CA800018B533 /* ContentView.swift */ = {isa = PBXFileReference; lastKnownFileType = sourcecode.swift; path = ContentView.swift; sourceTree = "<group>"; };
		5DC0EC2A2427CA800018B533 /* HostingController.swift */ = {isa = PBXFileReference; lastKnownFileType = sourcecode.swift; path = HostingController.swift; sourceTree = "<group>"; };
		5DC0EC2C2427CA800018B533 /* ExtensionDelegate.swift */ = {isa = PBXFileReference; lastKnownFileType = sourcecode.swift; path = ExtensionDelegate.swift; sourceTree = "<group>"; };
		5DC0EC2E2427CA810018B533 /* Assets.xcassets */ = {isa = PBXFileReference; lastKnownFileType = folder.assetcatalog; path = Assets.xcassets; sourceTree = "<group>"; };
		5DC0EC312427CA810018B533 /* Preview Assets.xcassets */ = {isa = PBXFileReference; lastKnownFileType = folder.assetcatalog; path = "Preview Assets.xcassets"; sourceTree = "<group>"; };
		5DC0EC332427CA810018B533 /* Info.plist */ = {isa = PBXFileReference; lastKnownFileType = text.plist.xml; path = Info.plist; sourceTree = "<group>"; };
		5DC0EC41242909080018B533 /* PlaySound.swift */ = {isa = PBXFileReference; lastKnownFileType = sourcecode.swift; path = PlaySound.swift; sourceTree = "<group>"; };
		5DC0EC4324290A240018B533 /* Glass.aiff */ = {isa = PBXFileReference; lastKnownFileType = audio.aiff; path = Glass.aiff; sourceTree = "<group>"; };
		5DC0EC4524290E1E0018B533 /* Basso.aiff */ = {isa = PBXFileReference; lastKnownFileType = audio.aiff; path = Basso.aiff; sourceTree = "<group>"; };
		5DC0EC4724290ECF0018B533 /* Submarine.aiff */ = {isa = PBXFileReference; lastKnownFileType = audio.aiff; path = Submarine.aiff; sourceTree = "<group>"; };
		5DC0EC4824290ECF0018B533 /* Tink.aiff */ = {isa = PBXFileReference; lastKnownFileType = audio.aiff; path = Tink.aiff; sourceTree = "<group>"; };
		5DC0EC4924290ECF0018B533 /* Ping.aiff */ = {isa = PBXFileReference; lastKnownFileType = audio.aiff; path = Ping.aiff; sourceTree = "<group>"; };
/* End PBXFileReference section */

/* Begin PBXFrameworksBuildPhase section */
		5DC0EC202427CA800018B533 /* Frameworks */ = {
			isa = PBXFrameworksBuildPhase;
			buildActionMask = 2147483647;
			files = (
			);
			runOnlyForDeploymentPostprocessing = 0;
		};
/* End PBXFrameworksBuildPhase section */

/* Begin PBXGroup section */
		5DC0EC092427CA7D0018B533 = {
			isa = PBXGroup;
			children = (
				5DC0EC182427CA7D0018B533 /* Simon WatchKit App */,
				5DC0EC272427CA800018B533 /* Simon WatchKit Extension */,
				5DC0EC112427CA7D0018B533 /* Products */,
			);
			sourceTree = "<group>";
		};
		5DC0EC112427CA7D0018B533 /* Products */ = {
			isa = PBXGroup;
			children = (
				5DC0EC102427CA7D0018B533 /* Simon.app */,
				5DC0EC142427CA7D0018B533 /* Simon WatchKit App.app */,
				5DC0EC232427CA800018B533 /* Simon WatchKit Extension.appex */,
			);
			name = Products;
			sourceTree = "<group>";
		};
		5DC0EC182427CA7D0018B533 /* Simon WatchKit App */ = {
			isa = PBXGroup;
			children = (
				5DC0EC192427CA7D0018B533 /* Interface.storyboard */,
				5DC0EC1C2427CA800018B533 /* Assets.xcassets */,
				5DC0EC1E2427CA800018B533 /* Info.plist */,
			);
			path = "Simon WatchKit App";
			sourceTree = "<group>";
		};
		5DC0EC272427CA800018B533 /* Simon WatchKit Extension */ = {
			isa = PBXGroup;
			children = (
				5DC0EC282427CA800018B533 /* ContentView.swift */,
				5DC0EC41242909080018B533 /* PlaySound.swift */,
				5DC0EC4524290E1E0018B533 /* Basso.aiff */,
				5DC0EC4324290A240018B533 /* Glass.aiff */,
				5DC0EC4924290ECF0018B533 /* Ping.aiff */,
				5DC0EC4724290ECF0018B533 /* Submarine.aiff */,
				5DC0EC4824290ECF0018B533 /* Tink.aiff */,
				5DC0EC2A2427CA800018B533 /* HostingController.swift */,
				5DC0EC2C2427CA800018B533 /* ExtensionDelegate.swift */,
				5DC0EC2E2427CA810018B533 /* Assets.xcassets */,
				5DC0EC332427CA810018B533 /* Info.plist */,
				5DC0EC302427CA810018B533 /* Preview Content */,
			);
			path = "Simon WatchKit Extension";
			sourceTree = "<group>";
		};
		5DC0EC302427CA810018B533 /* Preview Content */ = {
			isa = PBXGroup;
			children = (
				5DC0EC312427CA810018B533 /* Preview Assets.xcassets */,
			);
			path = "Preview Content";
			sourceTree = "<group>";
		};
/* End PBXGroup section */

/* Begin PBXNativeTarget section */
		5DC0EC0F2427CA7D0018B533 /* Simon */ = {
			isa = PBXNativeTarget;
			buildConfigurationList = 5DC0EC3E2427CA810018B533 /* Build configuration list for PBXNativeTarget "Simon" */;
			buildPhases = (
				5DC0EC0E2427CA7D0018B533 /* Resources */,
				5DC0EC3D2427CA810018B533 /* Embed Watch Content */,
			);
			buildRules = (
			);
			dependencies = (
				5DC0EC172427CA7D0018B533 /* PBXTargetDependency */,
			);
			name = Simon;
			productName = Simon;
			productReference = 5DC0EC102427CA7D0018B533 /* Simon.app */;
			productType = "com.apple.product-type.application.watchapp2-container";
		};
		5DC0EC132427CA7D0018B533 /* Simon WatchKit App */ = {
			isa = PBXNativeTarget;
			buildConfigurationList = 5DC0EC3A2427CA810018B533 /* Build configuration list for PBXNativeTarget "Simon WatchKit App" */;
			buildPhases = (
				5DC0EC122427CA7D0018B533 /* Resources */,
				5DC0EC392427CA810018B533 /* Embed App Extensions */,
			);
			buildRules = (
			);
			dependencies = (
				5DC0EC262427CA800018B533 /* PBXTargetDependency */,
			);
			name = "Simon WatchKit App";
			productName = "Simon WatchKit App";
			productReference = 5DC0EC142427CA7D0018B533 /* Simon WatchKit App.app */;
			productType = "com.apple.product-type.application.watchapp2";
		};
		5DC0EC222427CA800018B533 /* Simon WatchKit Extension */ = {
			isa = PBXNativeTarget;
			buildConfigurationList = 5DC0EC362427CA810018B533 /* Build configuration list for PBXNativeTarget "Simon WatchKit Extension" */;
			buildPhases = (
				5DC0EC1F2427CA800018B533 /* Sources */,
				5DC0EC202427CA800018B533 /* Frameworks */,
				5DC0EC212427CA800018B533 /* Resources */,
			);
			buildRules = (
			);
			dependencies = (
			);
			name = "Simon WatchKit Extension";
			productName = "Simon WatchKit Extension";
			productReference = 5DC0EC232427CA800018B533 /* Simon WatchKit Extension.appex */;
			productType = "com.apple.product-type.watchkit2-extension";
		};
/* End PBXNativeTarget section */

/* Begin PBXProject section */
		5DC0EC0A2427CA7D0018B533 /* Project object */ = {
			isa = PBXProject;
			attributes = {
				LastSwiftUpdateCheck = 1130;
				LastUpgradeCheck = 1130;
				ORGANIZATIONNAME = "Mark Booth";
				TargetAttributes = {
					5DC0EC0F2427CA7D0018B533 = {
						CreatedOnToolsVersion = 11.3.1;
					};
					5DC0EC132427CA7D0018B533 = {
						CreatedOnToolsVersion = 11.3.1;
					};
					5DC0EC222427CA800018B533 = {
						CreatedOnToolsVersion = 11.3.1;
					};
				};
			};
			buildConfigurationList = 5DC0EC0D2427CA7D0018B533 /* Build configuration list for PBXProject "Simon" */;
			compatibilityVersion = "Xcode 9.3";
			developmentRegion = en;
			hasScannedForEncodings = 0;
			knownRegions = (
				en,
				Base,
			);
			mainGroup = 5DC0EC092427CA7D0018B533;
			productRefGroup = 5DC0EC112427CA7D0018B533 /* Products */;
			projectDirPath = "";
			projectRoot = "";
			targets = (
				5DC0EC0F2427CA7D0018B533 /* Simon */,
				5DC0EC132427CA7D0018B533 /* Simon WatchKit App */,
				5DC0EC222427CA800018B533 /* Simon WatchKit Extension */,
			);
		};
/* End PBXProject section */

/* Begin PBXResourcesBuildPhase section */
		5DC0EC0E2427CA7D0018B533 /* Resources */ = {
			isa = PBXResourcesBuildPhase;
			buildActionMask = 2147483647;
			files = (
			);
			runOnlyForDeploymentPostprocessing = 0;
		};
		5DC0EC122427CA7D0018B533 /* Resources */ = {
			isa = PBXResourcesBuildPhase;
			buildActionMask = 2147483647;
			files = (
				5DC0EC1D2427CA800018B533 /* Assets.xcassets in Resources */,
				5DC0EC1B2427CA7D0018B533 /* Interface.storyboard in Resources */,
			);
			runOnlyForDeploymentPostprocessing = 0;
		};
		5DC0EC212427CA800018B533 /* Resources */ = {
			isa = PBXResourcesBuildPhase;
			buildActionMask = 2147483647;
			files = (
				5DC0EC4C24290ECF0018B533 /* Ping.aiff in Resources */,
				5DC0EC4A24290ECF0018B533 /* Submarine.aiff in Resources */,
				5DC0EC4424290A250018B533 /* Glass.aiff in Resources */,
				5DC0EC322427CA810018B533 /* Preview Assets.xcassets in Resources */,
				5DC0EC4B24290ECF0018B533 /* Tink.aiff in Resources */,
				5DC0EC4624290E1E0018B533 /* Basso.aiff in Resources */,
				5DC0EC2F2427CA810018B533 /* Assets.xcassets in Resources */,
			);
			runOnlyForDeploymentPostprocessing = 0;
		};
/* End PBXResourcesBuildPhase section */

/* Begin PBXSourcesBuildPhase section */
		5DC0EC1F2427CA800018B533 /* Sources */ = {
			isa = PBXSourcesBuildPhase;
			buildActionMask = 2147483647;
			files = (
				5DC0EC2B2427CA800018B533 /* HostingController.swift in Sources */,
				5DC0EC42242909080018B533 /* PlaySound.swift in Sources */,
				5DC0EC292427CA800018B533 /* ContentView.swift in Sources */,
				5DC0EC2D2427CA800018B533 /* ExtensionDelegate.swift in Sources */,
			);
			runOnlyForDeploymentPostprocessing = 0;
		};
/* End PBXSourcesBuildPhase section */

/* Begin PBXTargetDependency section */
		5DC0EC172427CA7D0018B533 /* PBXTargetDependency */ = {
			isa = PBXTargetDependency;
			target = 5DC0EC132427CA7D0018B533 /* Simon WatchKit App */;
			targetProxy = 5DC0EC162427CA7D0018B533 /* PBXContainerItemProxy */;
		};
		5DC0EC262427CA800018B533 /* PBXTargetDependency */ = {
			isa = PBXTargetDependency;
			target = 5DC0EC222427CA800018B533 /* Simon WatchKit Extension */;
			targetProxy = 5DC0EC252427CA800018B533 /* PBXContainerItemProxy */;
		};
/* End PBXTargetDependency section */

/* Begin PBXVariantGroup section */
		5DC0EC192427CA7D0018B533 /* Interface.storyboard */ = {
			isa = PBXVariantGroup;
			children = (
				5DC0EC1A2427CA7D0018B533 /* Base */,
			);
			name = Interface.storyboard;
			sourceTree = "<group>";
		};
/* End PBXVariantGroup section */

/* Begin XCBuildConfiguration section */
		5DC0EC342427CA810018B533 /* Debug */ = {
			isa = XCBuildConfiguration;
			buildSettings = {
				ALWAYS_SEARCH_USER_PATHS = NO;
				CLANG_ANALYZER_NONNULL = YES;
				CLANG_ANALYZER_NUMBER_OBJECT_CONVERSION = YES_AGGRESSIVE;
				CLANG_CXX_LANGUAGE_STANDARD = "gnu++14";
				CLANG_CXX_LIBRARY = "libc++";
				CLANG_ENABLE_MODULES = YES;
				CLANG_ENABLE_OBJC_ARC = YES;
				CLANG_ENABLE_OBJC_WEAK = YES;
				CLANG_WARN_BLOCK_CAPTURE_AUTORELEASING = YES;
				CLANG_WARN_BOOL_CONVERSION = YES;
				CLANG_WARN_COMMA = YES;
				CLANG_WARN_CONSTANT_CONVERSION = YES;
				CLANG_WARN_DEPRECATED_OBJC_IMPLEMENTATIONS = YES;
				CLANG_WARN_DIRECT_OBJC_ISA_USAGE = YES_ERROR;
				CLANG_WARN_DOCUMENTATION_COMMENTS = YES;
				CLANG_WARN_EMPTY_BODY = YES;
				CLANG_WARN_ENUM_CONVERSION = YES;
				CLANG_WARN_INFINITE_RECURSION = YES;
				CLANG_WARN_INT_CONVERSION = YES;
				CLANG_WARN_NON_LITERAL_NULL_CONVERSION = YES;
				CLANG_WARN_OBJC_IMPLICIT_RETAIN_SELF = YES;
				CLANG_WARN_OBJC_LITERAL_CONVERSION = YES;
				CLANG_WARN_OBJC_ROOT_CLASS = YES_ERROR;
				CLANG_WARN_RANGE_LOOP_ANALYSIS = YES;
				CLANG_WARN_STRICT_PROTOTYPES = YES;
				CLANG_WARN_SUSPICIOUS_MOVE = YES;
				CLANG_WARN_UNGUARDED_AVAILABILITY = YES_AGGRESSIVE;
				CLANG_WARN_UNREACHABLE_CODE = YES;
				CLANG_WARN__DUPLICATE_METHOD_MATCH = YES;
				COPY_PHASE_STRIP = NO;
				DEBUG_INFORMATION_FORMAT = dwarf;
				ENABLE_STRICT_OBJC_MSGSEND = YES;
				ENABLE_TESTABILITY = YES;
				GCC_C_LANGUAGE_STANDARD = gnu11;
				GCC_DYNAMIC_NO_PIC = NO;
				GCC_NO_COMMON_BLOCKS = YES;
				GCC_OPTIMIZATION_LEVEL = 0;
				GCC_PREPROCESSOR_DEFINITIONS = (
					"DEBUG=1",
					"$(inherited)",
				);
				GCC_WARN_64_TO_32_BIT_CONVERSION = YES;
				GCC_WARN_ABOUT_RETURN_TYPE = YES_ERROR;
				GCC_WARN_UNDECLARED_SELECTOR = YES;
				GCC_WARN_UNINITIALIZED_AUTOS = YES_AGGRESSIVE;
				GCC_WARN_UNUSED_FUNCTION = YES;
				GCC_WARN_UNUSED_VARIABLE = YES;
				MTL_ENABLE_DEBUG_INFO = INCLUDE_SOURCE;
				MTL_FAST_MATH = YES;
				ONLY_ACTIVE_ARCH = YES;
				SDKROOT = iphoneos;
				SWIFT_ACTIVE_COMPILATION_CONDITIONS = DEBUG;
				SWIFT_OPTIMIZATION_LEVEL = "-Onone";
			};
			name = Debug;
		};
		5DC0EC352427CA810018B533 /* Release */ = {
			isa = XCBuildConfiguration;
			buildSettings = {
				ALWAYS_SEARCH_USER_PATHS = NO;
				CLANG_ANALYZER_NONNULL = YES;
				CLANG_ANALYZER_NUMBER_OBJECT_CONVERSION = YES_AGGRESSIVE;
				CLANG_CXX_LANGUAGE_STANDARD = "gnu++14";
				CLANG_CXX_LIBRARY = "libc++";
				CLANG_ENABLE_MODULES = YES;
				CLANG_ENABLE_OBJC_ARC = YES;
				CLANG_ENABLE_OBJC_WEAK = YES;
				CLANG_WARN_BLOCK_CAPTURE_AUTORELEASING = YES;
				CLANG_WARN_BOOL_CONVERSION = YES;
				CLANG_WARN_COMMA = YES;
				CLANG_WARN_CONSTANT_CONVERSION = YES;
				CLANG_WARN_DEPRECATED_OBJC_IMPLEMENTATIONS = YES;
				CLANG_WARN_DIRECT_OBJC_ISA_USAGE = YES_ERROR;
				CLANG_WARN_DOCUMENTATION_COMMENTS = YES;
				CLANG_WARN_EMPTY_BODY = YES;
				CLANG_WARN_ENUM_CONVERSION = YES;
				CLANG_WARN_INFINITE_RECURSION = YES;
				CLANG_WARN_INT_CONVERSION = YES;
				CLANG_WARN_NON_LITERAL_NULL_CONVERSION = YES;
				CLANG_WARN_OBJC_IMPLICIT_RETAIN_SELF = YES;
				CLANG_WARN_OBJC_LITERAL_CONVERSION = YES;
				CLANG_WARN_OBJC_ROOT_CLASS = YES_ERROR;
				CLANG_WARN_RANGE_LOOP_ANALYSIS = YES;
				CLANG_WARN_STRICT_PROTOTYPES = YES;
				CLANG_WARN_SUSPICIOUS_MOVE = YES;
				CLANG_WARN_UNGUARDED_AVAILABILITY = YES_AGGRESSIVE;
				CLANG_WARN_UNREACHABLE_CODE = YES;
				CLANG_WARN__DUPLICATE_METHOD_MATCH = YES;
				COPY_PHASE_STRIP = NO;
				DEBUG_INFORMATION_FORMAT = "dwarf-with-dsym";
				ENABLE_NS_ASSERTIONS = NO;
				ENABLE_STRICT_OBJC_MSGSEND = YES;
				GCC_C_LANGUAGE_STANDARD = gnu11;
				GCC_NO_COMMON_BLOCKS = YES;
				GCC_WARN_64_TO_32_BIT_CONVERSION = YES;
				GCC_WARN_ABOUT_RETURN_TYPE = YES_ERROR;
				GCC_WARN_UNDECLARED_SELECTOR = YES;
				GCC_WARN_UNINITIALIZED_AUTOS = YES_AGGRESSIVE;
				GCC_WARN_UNUSED_FUNCTION = YES;
				GCC_WARN_UNUSED_VARIABLE = YES;
				MTL_ENABLE_DEBUG_INFO = NO;
				MTL_FAST_MATH = YES;
				SDKROOT = iphoneos;
				SWIFT_COMPILATION_MODE = wholemodule;
				SWIFT_OPTIMIZATION_LEVEL = "-O";
				VALIDATE_PRODUCT = YES;
			};
			name = Release;
		};
		5DC0EC372427CA810018B533 /* Debug */ = {
			isa = XCBuildConfiguration;
			buildSettings = {
				ASSETCATALOG_COMPILER_COMPLICATION_NAME = Complication;
				CODE_SIGN_STYLE = Automatic;
				DEVELOPMENT_ASSET_PATHS = "\"Simon WatchKit Extension/Preview Content\"";
				DEVELOPMENT_TEAM = H4EAMFF2AB;
				ENABLE_PREVIEWS = YES;
				INFOPLIST_FILE = "Simon WatchKit Extension/Info.plist";
				LD_RUNPATH_SEARCH_PATHS = (
					"$(inherited)",
					"@executable_path/Frameworks",
					"@executable_path/../../Frameworks",
				);
				PRODUCT_BUNDLE_IDENTIFIER = com.markandpol.Simon.watchkitapp.watchkitextension;
				PRODUCT_NAME = "${TARGET_NAME}";
				SDKROOT = watchos;
				SKIP_INSTALL = YES;
				SWIFT_VERSION = 5.0;
				TARGETED_DEVICE_FAMILY = 4;
				WATCHOS_DEPLOYMENT_TARGET = 6.1;
			};
			name = Debug;
		};
		5DC0EC382427CA810018B533 /* Release */ = {
			isa = XCBuildConfiguration;
			buildSettings = {
				ASSETCATALOG_COMPILER_COMPLICATION_NAME = Complication;
				CODE_SIGN_STYLE = Automatic;
				DEVELOPMENT_ASSET_PATHS = "\"Simon WatchKit Extension/Preview Content\"";
				DEVELOPMENT_TEAM = H4EAMFF2AB;
				ENABLE_PREVIEWS = YES;
				INFOPLIST_FILE = "Simon WatchKit Extension/Info.plist";
				LD_RUNPATH_SEARCH_PATHS = (
					"$(inherited)",
					"@executable_path/Frameworks",
					"@executable_path/../../Frameworks",
				);
				PRODUCT_BUNDLE_IDENTIFIER = com.markandpol.Simon.watchkitapp.watchkitextension;
				PRODUCT_NAME = "${TARGET_NAME}";
				SDKROOT = watchos;
				SKIP_INSTALL = YES;
				SWIFT_VERSION = 5.0;
				TARGETED_DEVICE_FAMILY = 4;
				WATCHOS_DEPLOYMENT_TARGET = 6.1;
			};
			name = Release;
		};
		5DC0EC3B2427CA810018B533 /* Debug */ = {
			isa = XCBuildConfiguration;
			buildSettings = {
				ALWAYS_EMBED_SWIFT_STANDARD_LIBRARIES = YES;
				ASSETCATALOG_COMPILER_APPICON_NAME = AppIcon;
				CODE_SIGN_STYLE = Automatic;
				DEVELOPMENT_TEAM = H4EAMFF2AB;
				IBSC_MODULE = Simon_WatchKit_Extension;
				INFOPLIST_FILE = "Simon WatchKit App/Info.plist";
				PRODUCT_BUNDLE_IDENTIFIER = com.markandpol.Simon.watchkitapp;
				PRODUCT_NAME = "$(TARGET_NAME)";
				SDKROOT = watchos;
				SKIP_INSTALL = YES;
				SWIFT_VERSION = 5.0;
				TARGETED_DEVICE_FAMILY = 4;
				WATCHOS_DEPLOYMENT_TARGET = 6.1;
			};
			name = Debug;
		};
		5DC0EC3C2427CA810018B533 /* Release */ = {
			isa = XCBuildConfiguration;
			buildSettings = {
				ALWAYS_EMBED_SWIFT_STANDARD_LIBRARIES = YES;
				ASSETCATALOG_COMPILER_APPICON_NAME = AppIcon;
				CODE_SIGN_STYLE = Automatic;
				DEVELOPMENT_TEAM = H4EAMFF2AB;
				IBSC_MODULE = Simon_WatchKit_Extension;
				INFOPLIST_FILE = "Simon WatchKit App/Info.plist";
				PRODUCT_BUNDLE_IDENTIFIER = com.markandpol.Simon.watchkitapp;
				PRODUCT_NAME = "$(TARGET_NAME)";
				SDKROOT = watchos;
				SKIP_INSTALL = YES;
				SWIFT_VERSION = 5.0;
				TARGETED_DEVICE_FAMILY = 4;
				WATCHOS_DEPLOYMENT_TARGET = 6.1;
			};
			name = Release;
		};
		5DC0EC3F2427CA810018B533 /* Debug */ = {
			isa = XCBuildConfiguration;
			buildSettings = {
				CODE_SIGN_STYLE = Automatic;
				CURRENT_PROJECT_VERSION = 1;
				DEVELOPMENT_TEAM = H4EAMFF2AB;
				MARKETING_VERSION = 1.0;
				PRODUCT_BUNDLE_IDENTIFIER = com.markandpol.Simon;
				PRODUCT_NAME = "$(TARGET_NAME)";
				SWIFT_VERSION = 5.0;
			};
			name = Debug;
		};
		5DC0EC402427CA810018B533 /* Release */ = {
			isa = XCBuildConfiguration;
			buildSettings = {
				CODE_SIGN_STYLE = Automatic;
				CURRENT_PROJECT_VERSION = 1;
				DEVELOPMENT_TEAM = H4EAMFF2AB;
				MARKETING_VERSION = 1.0;
				PRODUCT_BUNDLE_IDENTIFIER = com.markandpol.Simon;
				PRODUCT_NAME = "$(TARGET_NAME)";
				SWIFT_VERSION = 5.0;
			};
			name = Release;
		};
/* End XCBuildConfiguration section */

/* Begin XCConfigurationList section */
		5DC0EC0D2427CA7D0018B533 /* Build configuration list for PBXProject "Simon" */ = {
			isa = XCConfigurationList;
			buildConfigurations = (
				5DC0EC342427CA810018B533 /* Debug */,
				5DC0EC352427CA810018B533 /* Release */,
			);
			defaultConfigurationIsVisible = 0;
			defaultConfigurationName = Release;
		};
		5DC0EC362427CA810018B533 /* Build configuration list for PBXNativeTarget "Simon WatchKit Extension" */ = {
			isa = XCConfigurationList;
			buildConfigurations = (
				5DC0EC372427CA810018B533 /* Debug */,
				5DC0EC382427CA810018B533 /* Release */,
			);
			defaultConfigurationIsVisible = 0;
			defaultConfigurationName = Release;
		};
		5DC0EC3A2427CA810018B533 /* Build configuration list for PBXNativeTarget "Simon WatchKit App" */ = {
			isa = XCConfigurationList;
			buildConfigurations = (
				5DC0EC3B2427CA810018B533 /* Debug */,
				5DC0EC3C2427CA810018B533 /* Release */,
			);
			defaultConfigurationIsVisible = 0;
			defaultConfigurationName = Release;
		};
		5DC0EC3E2427CA810018B533 /* Build configuration list for PBXNativeTarget "Simon" */ = {
			isa = XCConfigurationList;
			buildConfigurations = (
				5DC0EC3F2427CA810018B533 /* Debug */,
				5DC0EC402427CA810018B533 /* Release */,
			);
			defaultConfigurationIsVisible = 0;
			defaultConfigurationName = Release;
		};
/* End XCConfigurationList section */
	};
	rootObject = 5DC0EC0A2427CA7D0018B533 /* Project object */;
}
